
Microsoft Visual Studio Solution File, Format Version 12.00
# Visual Studio 15
VisualStudioVersion = 15.0.27130.2027
MinimumVisualStudioVersion = 10.0.40219.1
Project("{FAE04EC0-301F-11D3-BF4B-00C04F79EFBC}") = "ScannerNet", "ScannerNet\ScannerNet.csproj", "{97989C31-A111-43EE-BC83-317942EA71BB}"
EndProject
Project("{9A19103F-16F7-4668-BE54-9A1E7A4F7556}") = "Neuro", "Neuro\Neuro.csproj", "{1966CD98-D57C-41DB-9F63-01B7981BD1FC}"
EndProject
Project("{FAE04EC0-301F-11D3-BF4B-00C04F79EFBC}") = "Sobel", "Form\Sobel.csproj", "{DC85BB41-F91E-4099-86C0-C696656535A0}"
EndProject
Project("{9A19103F-16F7-4668-BE54-9A1E7A4F7556}") = "Neuro.ThirdPath", "Neuro.ThirdPath\Neuro.ThirdPath.csproj", "{6E0DF37B-173D-4F96-9A3F-C3268097E800}"
EndProject
Project("{FAE04EC0-301F-11D3-BF4B-00C04F79EFBC}") = "ConsoleApp1", "ConsoleApp1\ConsoleApp1.csproj", "{7EA3A00F-E0B7-478D-B022-7DE00A366CC1}"
EndProject
Project("{FAE04EC0-301F-11D3-BF4B-00C04F79EFBC}") = "Neuro.GPU", "Neuro.GPU\Neuro.GPU.csproj", "{DE96D50A-6FCE-479E-B508-4FEB827EFE9D}"
EndProject
Project("{8BC9CEB8-8B4A-11D0-8D11-00A0C91BC942}") = "CudaNeuroSDK", "CudaNeuroSDK\CudaNeuroSDK.vcxproj", "{1439BCFF-20C9-47D6-BD6B-044866DBF2DD}"
EndProject
Global
	GlobalSection(SolutionConfigurationPlatforms) = preSolution
		Debug|Any CPU = Debug|Any CPU
		Debug|Win32 = Debug|Win32
		Debug|x64 = Debug|x64
		Debug|x86 = Debug|x86
		Release|Any CPU = Release|Any CPU
		Release|Win32 = Release|Win32
		Release|x64 = Release|x64
		Release|x86 = Release|x86
	EndGlobalSection
	GlobalSection(ProjectConfigurationPlatforms) = postSolution
		{97989C31-A111-43EE-BC83-317942EA71BB}.Debug|Any CPU.ActiveCfg = Debug|Any CPU
		{97989C31-A111-43EE-BC83-317942EA71BB}.Debug|Any CPU.Build.0 = Debug|Any CPU
		{97989C31-A111-43EE-BC83-317942EA71BB}.Debug|Win32.ActiveCfg = Debug|Any CPU
		{97989C31-A111-43EE-BC83-317942EA71BB}.Debug|Win32.Build.0 = Debug|Any CPU
		{97989C31-A111-43EE-BC83-317942EA71BB}.Debug|x64.ActiveCfg = Debug|Any CPU
		{97989C31-A111-43EE-BC83-317942EA71BB}.Debug|x64.Build.0 = Debug|Any CPU
		{97989C31-A111-43EE-BC83-317942EA71BB}.Debug|x86.ActiveCfg = Debug|Any CPU
		{97989C31-A111-43EE-BC83-317942EA71BB}.Debug|x86.Build.0 = Debug|Any CPU
		{97989C31-A111-43EE-BC83-317942EA71BB}.Release|Any CPU.ActiveCfg = Release|Any CPU
		{97989C31-A111-43EE-BC83-317942EA71BB}.Release|Any CPU.Build.0 = Release|Any CPU
		{97989C31-A111-43EE-BC83-317942EA71BB}.Release|Win32.ActiveCfg = Release|Any CPU
		{97989C31-A111-43EE-BC83-317942EA71BB}.Release|Win32.Build.0 = Release|Any CPU
		{97989C31-A111-43EE-BC83-317942EA71BB}.Release|x64.ActiveCfg = Release|Any CPU
		{97989C31-A111-43EE-BC83-317942EA71BB}.Release|x64.Build.0 = Release|Any CPU
		{97989C31-A111-43EE-BC83-317942EA71BB}.Release|x86.ActiveCfg = Release|Any CPU
		{97989C31-A111-43EE-BC83-317942EA71BB}.Release|x86.Build.0 = Release|Any CPU
		{1966CD98-D57C-41DB-9F63-01B7981BD1FC}.Debug|Any CPU.ActiveCfg = Debug|Any CPU
		{1966CD98-D57C-41DB-9F63-01B7981BD1FC}.Debug|Any CPU.Build.0 = Debug|Any CPU
		{1966CD98-D57C-41DB-9F63-01B7981BD1FC}.Debug|Win32.ActiveCfg = Debug|Any CPU
		{1966CD98-D57C-41DB-9F63-01B7981BD1FC}.Debug|Win32.Build.0 = Debug|Any CPU
		{1966CD98-D57C-41DB-9F63-01B7981BD1FC}.Debug|x64.ActiveCfg = Debug|Any CPU
		{1966CD98-D57C-41DB-9F63-01B7981BD1FC}.Debug|x64.Build.0 = Debug|Any CPU
		{1966CD98-D57C-41DB-9F63-01B7981BD1FC}.Debug|x86.ActiveCfg = Debug|Any CPU
		{1966CD98-D57C-41DB-9F63-01B7981BD1FC}.Debug|x86.Build.0 = Debug|Any CPU
		{1966CD98-D57C-41DB-9F63-01B7981BD1FC}.Release|Any CPU.ActiveCfg = Release|Any CPU
		{1966CD98-D57C-41DB-9F63-01B7981BD1FC}.Release|Any CPU.Build.0 = Release|Any CPU
		{1966CD98-D57C-41DB-9F63-01B7981BD1FC}.Release|Win32.ActiveCfg = Release|Any CPU
		{1966CD98-D57C-41DB-9F63-01B7981BD1FC}.Release|Win32.Build.0 = Release|Any CPU
		{1966CD98-D57C-41DB-9F63-01B7981BD1FC}.Release|x64.ActiveCfg = Release|Any CPU
		{1966CD98-D57C-41DB-9F63-01B7981BD1FC}.Release|x64.Build.0 = Release|Any CPU
		{1966CD98-D57C-41DB-9F63-01B7981BD1FC}.Release|x86.ActiveCfg = Release|Any CPU
		{1966CD98-D57C-41DB-9F63-01B7981BD1FC}.Release|x86.Build.0 = Release|Any CPU
		{DC85BB41-F91E-4099-86C0-C696656535A0}.Debug|Any CPU.ActiveCfg = Debug|Any CPU
		{DC85BB41-F91E-4099-86C0-C696656535A0}.Debug|Any CPU.Build.0 = Debug|Any CPU
		{DC85BB41-F91E-4099-86C0-C696656535A0}.Debug|Win32.ActiveCfg = Debug|Any CPU
		{DC85BB41-F91E-4099-86C0-C696656535A0}.Debug|Win32.Build.0 = Debug|Any CPU
		{DC85BB41-F91E-4099-86C0-C696656535A0}.Debug|x64.ActiveCfg = Debug|x64
		{DC85BB41-F91E-4099-86C0-C696656535A0}.Debug|x64.Build.0 = Debug|x64
		{DC85BB41-F91E-4099-86C0-C696656535A0}.Debug|x86.ActiveCfg = Debug|Any CPU
		{DC85BB41-F91E-4099-86C0-C696656535A0}.Debug|x86.Build.0 = Debug|Any CPU
		{DC85BB41-F91E-4099-86C0-C696656535A0}.Release|Any CPU.ActiveCfg = Release|Any CPU
		{DC85BB41-F91E-4099-86C0-C696656535A0}.Release|Any CPU.Build.0 = Release|Any CPU
		{DC85BB41-F91E-4099-86C0-C696656535A0}.Release|Win32.ActiveCfg = Release|Any CPU
		{DC85BB41-F91E-4099-86C0-C696656535A0}.Release|Win32.Build.0 = Release|Any CPU
		{DC85BB41-F91E-4099-86C0-C696656535A0}.Release|x64.ActiveCfg = Release|x64
		{DC85BB41-F91E-4099-86C0-C696656535A0}.Release|x64.Build.0 = Release|x64
		{DC85BB41-F91E-4099-86C0-C696656535A0}.Release|x86.ActiveCfg = Release|Any CPU
		{DC85BB41-F91E-4099-86C0-C696656535A0}.Release|x86.Build.0 = Release|Any CPU
		{6E0DF37B-173D-4F96-9A3F-C3268097E800}.Debug|Any CPU.ActiveCfg = Debug|Any CPU
		{6E0DF37B-173D-4F96-9A3F-C3268097E800}.Debug|Any CPU.Build.0 = Debug|Any CPU
		{6E0DF37B-173D-4F96-9A3F-C3268097E800}.Debug|Win32.ActiveCfg = Debug|Any CPU
		{6E0DF37B-173D-4F96-9A3F-C3268097E800}.Debug|Win32.Build.0 = Debug|Any CPU
		{6E0DF37B-173D-4F96-9A3F-C3268097E800}.Debug|x64.ActiveCfg = Debug|x64
		{6E0DF37B-173D-4F96-9A3F-C3268097E800}.Debug|x64.Build.0 = Debug|x64
		{6E0DF37B-173D-4F96-9A3F-C3268097E800}.Debug|x86.ActiveCfg = Debug|Any CPU
		{6E0DF37B-173D-4F96-9A3F-C3268097E800}.Debug|x86.Build.0 = Debug|Any CPU
		{6E0DF37B-173D-4F96-9A3F-C3268097E800}.Release|Any CPU.ActiveCfg = Release|Any CPU
		{6E0DF37B-173D-4F96-9A3F-C3268097E800}.Release|Any CPU.Build.0 = Release|Any CPU
		{6E0DF37B-173D-4F96-9A3F-C3268097E800}.Release|Win32.ActiveCfg = Release|Any CPU
		{6E0DF37B-173D-4F96-9A3F-C3268097E800}.Release|Win32.Build.0 = Release|Any CPU
		{6E0DF37B-173D-4F96-9A3F-C3268097E800}.Release|x64.ActiveCfg = Release|Any CPU
		{6E0DF37B-173D-4F96-9A3F-C3268097E800}.Release|x64.Build.0 = Release|Any CPU
		{6E0DF37B-173D-4F96-9A3F-C3268097E800}.Release|x86.ActiveCfg = Release|Any CPU
		{6E0DF37B-173D-4F96-9A3F-C3268097E800}.Release|x86.Build.0 = Release|Any CPU
		{7EA3A00F-E0B7-478D-B022-7DE00A366CC1}.Debug|Any CPU.ActiveCfg = Debug|Any CPU
		{7EA3A00F-E0B7-478D-B022-7DE00A366CC1}.Debug|Any CPU.Build.0 = Debug|Any CPU
		{7EA3A00F-E0B7-478D-B022-7DE00A366CC1}.Debug|Win32.ActiveCfg = Debug|Any CPU
		{7EA3A00F-E0B7-478D-B022-7DE00A366CC1}.Debug|Win32.Build.0 = Debug|Any CPU
		{7EA3A00F-E0B7-478D-B022-7DE00A366CC1}.Debug|x64.ActiveCfg = Debug|Any CPU
		{7EA3A00F-E0B7-478D-B022-7DE00A366CC1}.Debug|x64.Build.0 = Debug|Any CPU
		{7EA3A00F-E0B7-478D-B022-7DE00A366CC1}.Debug|x86.ActiveCfg = Debug|Any CPU
		{7EA3A00F-E0B7-478D-B022-7DE00A366CC1}.Debug|x86.Build.0 = Debug|Any CPU
		{7EA3A00F-E0B7-478D-B022-7DE00A366CC1}.Release|Any CPU.ActiveCfg = Release|Any CPU
		{7EA3A00F-E0B7-478D-B022-7DE00A366CC1}.Release|Any CPU.Build.0 = Release|Any CPU
		{7EA3A00F-E0B7-478D-B022-7DE00A366CC1}.Release|Win32.ActiveCfg = Release|Any CPU
		{7EA3A00F-E0B7-478D-B022-7DE00A366CC1}.Release|Win32.Build.0 = Release|Any CPU
		{7EA3A00F-E0B7-478D-B022-7DE00A366CC1}.Release|x64.ActiveCfg = Release|Any CPU
		{7EA3A00F-E0B7-478D-B022-7DE00A366CC1}.Release|x64.Build.0 = Release|Any CPU
		{7EA3A00F-E0B7-478D-B022-7DE00A366CC1}.Release|x86.ActiveCfg = Release|Any CPU
		{7EA3A00F-E0B7-478D-B022-7DE00A366CC1}.Release|x86.Build.0 = Release|Any CPU
		{DE96D50A-6FCE-479E-B508-4FEB827EFE9D}.Debug|Any CPU.ActiveCfg = Debug|Any CPU
		{DE96D50A-6FCE-479E-B508-4FEB827EFE9D}.Debug|Any CPU.Build.0 = Debug|Any CPU
		{DE96D50A-6FCE-479E-B508-4FEB827EFE9D}.Debug|Win32.ActiveCfg = Debug|Any CPU
		{DE96D50A-6FCE-479E-B508-4FEB827EFE9D}.Debug|Win32.Build.0 = Debug|Any CPU
		{DE96D50A-6FCE-479E-B508-4FEB827EFE9D}.Debug|x64.ActiveCfg = Debug|Any CPU
		{DE96D50A-6FCE-479E-B508-4FEB827EFE9D}.Debug|x64.Build.0 = Debug|Any CPU
		{DE96D50A-6FCE-479E-B508-4FEB827EFE9D}.Debug|x86.ActiveCfg = Debug|Any CPU
		{DE96D50A-6FCE-479E-B508-4FEB827EFE9D}.Debug|x86.Build.0 = Debug|Any CPU
		{DE96D50A-6FCE-479E-B508-4FEB827EFE9D}.Release|Any CPU.ActiveCfg = Release|Any CPU
		{DE96D50A-6FCE-479E-B508-4FEB827EFE9D}.Release|Any CPU.Build.0 = Release|Any CPU
		{DE96D50A-6FCE-479E-B508-4FEB827EFE9D}.Release|Win32.ActiveCfg = Release|Any CPU
		{DE96D50A-6FCE-479E-B508-4FEB827EFE9D}.Release|Win32.Build.0 = Release|Any CPU
		{DE96D50A-6FCE-479E-B508-4FEB827EFE9D}.Release|x64.ActiveCfg = Release|Any CPU
		{DE96D50A-6FCE-479E-B508-4FEB827EFE9D}.Release|x64.Build.0 = Release|Any CPU
		{DE96D50A-6FCE-479E-B508-4FEB827EFE9D}.Release|x86.ActiveCfg = Release|Any CPU
		{DE96D50A-6FCE-479E-B508-4FEB827EFE9D}.Release|x86.Build.0 = Release|Any CPU
		{1439BCFF-20C9-47D6-BD6B-044866DBF2DD}.Debug|Any CPU.ActiveCfg = Debug|x64
		{1439BCFF-20C9-47D6-BD6B-044866DBF2DD}.Debug|Win32.ActiveCfg = Debug|x64
		{1439BCFF-20C9-47D6-BD6B-044866DBF2DD}.Debug|x64.ActiveCfg = Debug|x64
		{1439BCFF-20C9-47D6-BD6B-044866DBF2DD}.Debug|x64.Build.0 = Debug|x64
		{1439BCFF-20C9-47D6-BD6B-044866DBF2DD}.Debug|x86.ActiveCfg = Debug|x64
		{1439BCFF-20C9-47D6-BD6B-044866DBF2DD}.Release|Any CPU.ActiveCfg = Release|x64
		{1439BCFF-20C9-47D6-BD6B-044866DBF2DD}.Release|Win32.ActiveCfg = Release|x64
		{1439BCFF-20C9-47D6-BD6B-044866DBF2DD}.Release|x64.ActiveCfg = Release|x64
		{1439BCFF-20C9-47D6-BD6B-044866DBF2DD}.Release|x64.Build.0 = Release|x64
		{1439BCFF-20C9-47D6-BD6B-044866DBF2DD}.Release|x86.ActiveCfg = Release|x64
	EndGlobalSection
	GlobalSection(SolutionProperties) = preSolution
		HideSolutionNode = FALSE
	EndGlobalSection
	GlobalSection(ExtensibilityGlobals) = postSolution
		SolutionGuid = {B740BDF3-6868-4D8A-AE70-0BB2AE4D4D39}
	EndGlobalSection
EndGlobal
